
Microsoft Visual Studio Solution File, Format Version 12.00
# Visual Studio Version 16
VisualStudioVersion = 16.0.28803.352
MinimumVisualStudioVersion = 10.0.40219.1
Project("{FAE04EC0-301F-11D3-BF4B-00C04F79EFBC}") = "msdntutorial_PictureViewer", "msdntutorial_PictureViewer\msdntutorial_PictureViewer.csproj", "{B21E2984-E4AC-4702-BE5C-48A450C0AB79}"
EndProject
Global
	GlobalSection(SolutionConfigurationPlatforms) = preSolution
		Debug|Any CPU = Debug|Any CPU
		Release|Any CPU = Release|Any CPU
	EndGlobalSection
	GlobalSection(ProjectConfigurationPlatforms) = postSolution
		{B21E2984-E4AC-4702-BE5C-48A450C0AB79}.Debug|Any CPU.ActiveCfg = Debug|Any CPU
		{B21E2984-E4AC-4702-BE5C-48A450C0AB79}.Debug|Any CPU.Build.0 = Debug|Any CPU
		{B21E2984-E4AC-4702-BE5C-48A450C0AB79}.Release|Any CPU.ActiveCfg = Release|Any CPU
		{B21E2984-E4AC-4702-BE5C-48A450C0AB79}.Release|Any CPU.Build.0 = Release|Any CPU
	EndGlobalSection
	GlobalSection(SolutionProperties) = preSolution
		HideSolutionNode = FALSE
	EndGlobalSection
	GlobalSection(ExtensibilityGlobals) = postSolution
		SolutionGuid = {1C9728AA-6A9A-4233-BD80-9EC7E85EC42D}
	EndGlobalSection
EndGlobal
